
Microsoft Visual Studio Solution File, Format Version 12.00
# Visual Studio Version 17
VisualStudioVersion = 17.0.31903.59
MinimumVisualStudioVersion = 10.0.40219.1
Project("{FAE04EC0-301F-11D3-BF4B-00C04F79EFBC}") = "P0", "ConsoleApp\P0.csproj", "{577C9C3B-C3DA-4393-B55D-8C1BB92AB8CF}"
EndProject
Project("{FAE04EC0-301F-11D3-BF4B-00C04F79EFBC}") = "ConsoleApp.tests", "ConsoleApp.tests\ConsoleApp.tests.csproj", "{DBAF4F30-FCBB-4DDF-BFF3-B417ACB1BBDD}"
EndProject
Global
	GlobalSection(SolutionConfigurationPlatforms) = preSolution
		Debug|Any CPU = Debug|Any CPU
		Release|Any CPU = Release|Any CPU
	EndGlobalSection
	GlobalSection(SolutionProperties) = preSolution
		HideSolutionNode = FALSE
	EndGlobalSection
	GlobalSection(ProjectConfigurationPlatforms) = postSolution
		{577C9C3B-C3DA-4393-B55D-8C1BB92AB8CF}.Debug|Any CPU.ActiveCfg = Debug|Any CPU
		{577C9C3B-C3DA-4393-B55D-8C1BB92AB8CF}.Debug|Any CPU.Build.0 = Debug|Any CPU
		{577C9C3B-C3DA-4393-B55D-8C1BB92AB8CF}.Release|Any CPU.ActiveCfg = Release|Any CPU
		{577C9C3B-C3DA-4393-B55D-8C1BB92AB8CF}.Release|Any CPU.Build.0 = Release|Any CPU
		{DBAF4F30-FCBB-4DDF-BFF3-B417ACB1BBDD}.Debug|Any CPU.ActiveCfg = Debug|Any CPU
		{DBAF4F30-FCBB-4DDF-BFF3-B417ACB1BBDD}.Debug|Any CPU.Build.0 = Debug|Any CPU
		{DBAF4F30-FCBB-4DDF-BFF3-B417ACB1BBDD}.Release|Any CPU.ActiveCfg = Release|Any CPU
		{DBAF4F30-FCBB-4DDF-BFF3-B417ACB1BBDD}.Release|Any CPU.Build.0 = Release|Any CPU
	EndGlobalSection
EndGlobal
