
Microsoft Visual Studio Solution File, Format Version 12.00
# Visual Studio Version 17
VisualStudioVersion = 17.5.002.0
MinimumVisualStudioVersion = 10.0.40219.1
Project("{9A19103F-16F7-4668-BE54-9A1E7A4F7556}") = "dndRPGdemo", "dndRPGdemo.csproj", "{5DE2FF59-2E5D-4BAA-AE77-CA7A4A6626F2}"
EndProject
Global
	GlobalSection(SolutionConfigurationPlatforms) = preSolution
		Debug|Any CPU = Debug|Any CPU
		Release|Any CPU = Release|Any CPU
	EndGlobalSection
	GlobalSection(ProjectConfigurationPlatforms) = postSolution
		{5DE2FF59-2E5D-4BAA-AE77-CA7A4A6626F2}.Debug|Any CPU.ActiveCfg = Debug|Any CPU
		{5DE2FF59-2E5D-4BAA-AE77-CA7A4A6626F2}.Debug|Any CPU.Build.0 = Debug|Any CPU
		{5DE2FF59-2E5D-4BAA-AE77-CA7A4A6626F2}.Release|Any CPU.ActiveCfg = Release|Any CPU
		{5DE2FF59-2E5D-4BAA-AE77-CA7A4A6626F2}.Release|Any CPU.Build.0 = Release|Any CPU
	EndGlobalSection
	GlobalSection(SolutionProperties) = preSolution
		HideSolutionNode = FALSE
	EndGlobalSection
	GlobalSection(ExtensibilityGlobals) = postSolution
		SolutionGuid = {A8A0840F-6EE7-4982-B075-FA3007A15CFC}
	EndGlobalSection
EndGlobal
